
Microsoft Visual Studio Solution File, Format Version 12.00
# Visual Studio Version 17
VisualStudioVersion = 17.4.33122.133
MinimumVisualStudioVersion = 10.0.40219.1
Project("{9A19103F-16F7-4668-BE54-9A1E7A4F7556}") = "hogwarts-houses-api", "hogwarts-houses-api\hogwarts-houses-api.csproj", "{016398C5-5D63-4019-9239-13DD4B6E1DF5}"
EndProject
Global
	GlobalSection(SolutionConfigurationPlatforms) = preSolution
		Debug|Any CPU = Debug|Any CPU
		Release|Any CPU = Release|Any CPU
	EndGlobalSection
	GlobalSection(ProjectConfigurationPlatforms) = postSolution
		{016398C5-5D63-4019-9239-13DD4B6E1DF5}.Debug|Any CPU.ActiveCfg = Debug|Any CPU
		{016398C5-5D63-4019-9239-13DD4B6E1DF5}.Debug|Any CPU.Build.0 = Debug|Any CPU
		{016398C5-5D63-4019-9239-13DD4B6E1DF5}.Release|Any CPU.ActiveCfg = Release|Any CPU
		{016398C5-5D63-4019-9239-13DD4B6E1DF5}.Release|Any CPU.Build.0 = Release|Any CPU
	EndGlobalSection
	GlobalSection(SolutionProperties) = preSolution
		HideSolutionNode = FALSE
	EndGlobalSection
	GlobalSection(ExtensibilityGlobals) = postSolution
		SolutionGuid = {0C60BFA9-5957-47C0-A923-BA3CC02A66C0}
	EndGlobalSection
EndGlobal
